
Microsoft Visual Studio Solution File, Format Version 12.00
# Visual Studio Version 17
VisualStudioVersion = 17.7.34031.279
MinimumVisualStudioVersion = 10.0.40219.1
Project("{888888A0-9F3D-457C-B088-3A5042F75D52}") = "TaskTribeAPI", "TaskTribeAPI.pyproj", "{D58CDBC8-109D-488A-BE7C-32DA24AC2EE5}"
EndProject
Global
	GlobalSection(SolutionConfigurationPlatforms) = preSolution
		Debug|Any CPU = Debug|Any CPU
		Release|Any CPU = Release|Any CPU
	EndGlobalSection
	GlobalSection(ProjectConfigurationPlatforms) = postSolution
		{D58CDBC8-109D-488A-BE7C-32DA24AC2EE5}.Debug|Any CPU.ActiveCfg = Debug|Any CPU
		{D58CDBC8-109D-488A-BE7C-32DA24AC2EE5}.Debug|Any CPU.Build.0 = Debug|Any CPU
		{D58CDBC8-109D-488A-BE7C-32DA24AC2EE5}.Release|Any CPU.ActiveCfg = Release|Any CPU
		{D58CDBC8-109D-488A-BE7C-32DA24AC2EE5}.Release|Any CPU.Build.0 = Release|Any CPU
	EndGlobalSection
	GlobalSection(SolutionProperties) = preSolution
		HideSolutionNode = FALSE
	EndGlobalSection
	GlobalSection(ExtensibilityGlobals) = postSolution
		SolutionGuid = {1AC2FB46-5FB2-4CC7-9E4F-6A933BA7C490}
	EndGlobalSection
EndGlobal
